// !$*UTF8*$!
{
	archiveVersion = 1;
	classes = {
	};
	objectVersion = 46;
	objects = {

/* Begin PBXBuildFile section */
		397B31111C150A3F00DC65D3 /* AppDelegate.swift in Sources */ = {isa = PBXBuildFile; fileRef = 397B31101C150A3F00DC65D3 /* AppDelegate.swift */; };
		397B31131C150A3F00DC65D3 /* ViewController.swift in Sources */ = {isa = PBXBuildFile; fileRef = 397B31121C150A3F00DC65D3 /* ViewController.swift */; };
		397B31161C150A3F00DC65D3 /* Main.storyboard in Resources */ = {isa = PBXBuildFile; fileRef = 397B31141C150A3F00DC65D3 /* Main.storyboard */; };
		397B31181C150A3F00DC65D3 /* Assets.xcassets in Resources */ = {isa = PBXBuildFile; fileRef = 397B31171C150A3F00DC65D3 /* Assets.xcassets */; };
		397B311B1C150A3F00DC65D3 /* LaunchScreen.storyboard in Resources */ = {isa = PBXBuildFile; fileRef = 397B31191C150A3F00DC65D3 /* LaunchScreen.storyboard */; };
		397B31261C150A3F00DC65D3 /* tipCalculatorTests.swift in Sources */ = {isa = PBXBuildFile; fileRef = 397B31251C150A3F00DC65D3 /* tipCalculatorTests.swift */; };
		397B31311C150A3F00DC65D3 /* tipCalculatorUITests.swift in Sources */ = {isa = PBXBuildFile; fileRef = 397B31301C150A3F00DC65D3 /* tipCalculatorUITests.swift */; };
/* End PBXBuildFile section */

/* Begin PBXContainerItemProxy section */
		397B31221C150A3F00DC65D3 /* PBXContainerItemProxy */ = {
			isa = PBXContainerItemProxy;
			containerPortal = 397B31051C150A3F00DC65D3 /* Project object */;
			proxyType = 1;
			remoteGlobalIDString = 397B310C1C150A3F00DC65D3;
			remoteInfo = tipCalculator;
		};
		397B312D1C150A3F00DC65D3 /* PBXContainerItemProxy */ = {
			isa = PBXContainerItemProxy;
			containerPortal = 397B31051C150A3F00DC65D3 /* Project object */;
			proxyType = 1;
			remoteGlobalIDString = 397B310C1C150A3F00DC65D3;
			remoteInfo = tipCalculator;
		};
/* End PBXContainerItemProxy section */

/* Begin PBXFileReference section */
		397B310D1C150A3F00DC65D3 /* tipCalculator.app */ = {isa = PBXFileReference; explicitFileType = wrapper.application; includeInIndex = 0; path = tipCalculator.app; sourceTree = BUILT_PRODUCTS_DIR; };
		397B31101C150A3F00DC65D3 /* AppDelegate.swift */ = {isa = PBXFileReference; lastKnownFileType = sourcecode.swift; path = AppDelegate.swift; sourceTree = "<group>"; };
		397B31121C150A3F00DC65D3 /* ViewController.swift */ = {isa = PBXFileReference; lastKnownFileType = sourcecode.swift; path = ViewController.swift; sourceTree = "<group>"; };
		397B31151C150A3F00DC65D3 /* Base */ = {isa = PBXFileReference; lastKnownFileType = file.storyboard; name = Base; path = Base.lproj/Main.storyboard; sourceTree = "<group>"; };
		397B31171C150A3F00DC65D3 /* Assets.xcassets */ = {isa = PBXFileReference; lastKnownFileType = folder.assetcatalog; path = Assets.xcassets; sourceTree = "<group>"; };
		397B311A1C150A3F00DC65D3 /* Base */ = {isa = PBXFileReference; lastKnownFileType = file.storyboard; name = Base; path = Base.lproj/LaunchScreen.storyboard; sourceTree = "<group>"; };
		397B311C1C150A3F00DC65D3 /* Info.plist */ = {isa = PBXFileReference; lastKnownFileType = text.plist.xml; path = Info.plist; sourceTree = "<group>"; };
		397B31211C150A3F00DC65D3 /* tipCalculatorTests.xctest */ = {isa = PBXFileReference; explicitFileType = wrapper.cfbundle; includeInIndex = 0; path = tipCalculatorTests.xctest; sourceTree = BUILT_PRODUCTS_DIR; };
		397B31251C150A3F00DC65D3 /* tipCalculatorTests.swift */ = {isa = PBXFileReference; lastKnownFileType = sourcecode.swift; path = tipCalculatorTests.swift; sourceTree = "<group>"; };
		397B31271C150A3F00DC65D3 /* Info.plist */ = {isa = PBXFileReference; lastKnownFileType = text.plist.xml; path = Info.plist; sourceTree = "<group>"; };
		397B312C1C150A3F00DC65D3 /* tipCalculatorUITests.xctest */ = {isa = PBXFileReference; explicitFileType = wrapper.cfbundle; includeInIndex = 0; path = tipCalculatorUITests.xctest; sourceTree = BUILT_PRODUCTS_DIR; };
		397B31301C150A3F00DC65D3 /* tipCalculatorUITests.swift */ = {isa = PBXFileReference; lastKnownFileType = sourcecode.swift; path = tipCalculatorUITests.swift; sourceTree = "<group>"; };
		397B31321C150A3F00DC65D3 /* Info.plist */ = {isa = PBXFileReference; lastKnownFileType = text.plist.xml; path = Info.plist; sourceTree = "<group>"; };
/* End PBXFileReference section */

/* Begin PBXFrameworksBuildPhase section */
		397B310A1C150A3F00DC65D3 /* Frameworks */ = {
			isa = PBXFrameworksBuildPhase;
			buildActionMask = 2147483647;
			files = (
			);
			runOnlyForDeploymentPostprocessing = 0;
		};
		397B311E1C150A3F00DC65D3 /* Frameworks */ = {
			isa = PBXFrameworksBuildPhase;
			buildActionMask = 2147483647;
			files = (
			);
			runOnlyForDeploymentPostprocessing = 0;
		};
		397B31291C150A3F00DC65D3 /* Frameworks */ = {
			isa = PBXFrameworksBuildPhase;
			buildActionMask = 2147483647;
			files = (
			);
			runOnlyForDeploymentPostprocessing = 0;
		};
/* End PBXFrameworksBuildPhase section */

/* Begin PBXGroup section */
		397B31041C150A3F00DC65D3 = {
			isa = PBXGroup;
			children = (
				397B310F1C150A3F00DC65D3 /* tipCalculator */,
				397B31241C150A3F00DC65D3 /* tipCalculatorTests */,
				397B312F1C150A3F00DC65D3 /* tipCalculatorUITests */,
				397B310E1C150A3F00DC65D3 /* Products */,
			);
			sourceTree = "<group>";
		};
		397B310E1C150A3F00DC65D3 /* Products */ = {
			isa = PBXGroup;
			children = (
				397B310D1C150A3F00DC65D3 /* tipCalculator.app */,
				397B31211C150A3F00DC65D3 /* tipCalculatorTests.xctest */,
				397B312C1C150A3F00DC65D3 /* tipCalculatorUITests.xctest */,
			);
			name = Products;
			sourceTree = "<group>";
		};
		397B310F1C150A3F00DC65D3 /* tipCalculator */ = {
			isa = PBXGroup;
			children = (
				397B31101C150A3F00DC65D3 /* AppDelegate.swift */,
				397B31121C150A3F00DC65D3 /* ViewController.swift */,
				397B31141C150A3F00DC65D3 /* Main.storyboard */,
				397B31171C150A3F00DC65D3 /* Assets.xcassets */,
				397B31191C150A3F00DC65D3 /* LaunchScreen.storyboard */,
				397B311C1C150A3F00DC65D3 /* Info.plist */,
			);
			path = tipCalculator;
			sourceTree = "<group>";
		};
		397B31241C150A3F00DC65D3 /* tipCalculatorTests */ = {
			isa = PBXGroup;
			children = (
				397B31251C150A3F00DC65D3 /* tipCalculatorTests.swift */,
				397B31271C150A3F00DC65D3 /* Info.plist */,
			);
			path = tipCalculatorTests;
			sourceTree = "<group>";
		};
		397B312F1C150A3F00DC65D3 /* tipCalculatorUITests */ = {
			isa = PBXGroup;
			children = (
				397B31301C150A3F00DC65D3 /* tipCalculatorUITests.swift */,
				397B31321C150A3F00DC65D3 /* Info.plist */,
			);
			path = tipCalculatorUITests;
			sourceTree = "<group>";
		};
/* End PBXGroup section */

/* Begin PBXNativeTarget section */
		397B310C1C150A3F00DC65D3 /* tipCalculator */ = {
			isa = PBXNativeTarget;
			buildConfigurationList = 397B31351C150A3F00DC65D3 /* Build configuration list for PBXNativeTarget "tipCalculator" */;
			buildPhases = (
				397B31091C150A3F00DC65D3 /* Sources */,
				397B310A1C150A3F00DC65D3 /* Frameworks */,
				397B310B1C150A3F00DC65D3 /* Resources */,
			);
			buildRules = (
			);
			dependencies = (
			);
			name = tipCalculator;
			productName = tipCalculator;
			productReference = 397B310D1C150A3F00DC65D3 /* tipCalculator.app */;
			productType = "com.apple.product-type.application";
		};
		397B31201C150A3F00DC65D3 /* tipCalculatorTests */ = {
			isa = PBXNativeTarget;
			buildConfigurationList = 397B31381C150A3F00DC65D3 /* Build configuration list for PBXNativeTarget "tipCalculatorTests" */;
			buildPhases = (
				397B311D1C150A3F00DC65D3 /* Sources */,
				397B311E1C150A3F00DC65D3 /* Frameworks */,
				397B311F1C150A3F00DC65D3 /* Resources */,
			);
			buildRules = (
			);
			dependencies = (
				397B31231C150A3F00DC65D3 /* PBXTargetDependency */,
			);
			name = tipCalculatorTests;
			productName = tipCalculatorTests;
			productReference = 397B31211C150A3F00DC65D3 /* tipCalculatorTests.xctest */;
			productType = "com.apple.product-type.bundle.unit-test";
		};
		397B312B1C150A3F00DC65D3 /* tipCalculatorUITests */ = {
			isa = PBXNativeTarget;
			buildConfigurationList = 397B313B1C150A3F00DC65D3 /* Build configuration list for PBXNativeTarget "tipCalculatorUITests" */;
			buildPhases = (
				397B31281C150A3F00DC65D3 /* Sources */,
				397B31291C150A3F00DC65D3 /* Frameworks */,
				397B312A1C150A3F00DC65D3 /* Resources */,
			);
			buildRules = (
			);
			dependencies = (
				397B312E1C150A3F00DC65D3 /* PBXTargetDependency */,
			);
			name = tipCalculatorUITests;
			productName = tipCalculatorUITests;
			productReference = 397B312C1C150A3F00DC65D3 /* tipCalculatorUITests.xctest */;
			productType = "com.apple.product-type.bundle.ui-testing";
		};
/* End PBXNativeTarget section */

/* Begin PBXProject section */
		397B31051C150A3F00DC65D3 /* Project object */ = {
			isa = PBXProject;
			attributes = {
				LastSwiftUpdateCheck = 0710;
				LastUpgradeCheck = 0710;
				ORGANIZATIONNAME = "Daniel Margulis";
				TargetAttributes = {
					397B310C1C150A3F00DC65D3 = {
						CreatedOnToolsVersion = 7.1.1;
					};
					397B31201C150A3F00DC65D3 = {
						CreatedOnToolsVersion = 7.1.1;
						TestTargetID = 397B310C1C150A3F00DC65D3;
					};
					397B312B1C150A3F00DC65D3 = {
						CreatedOnToolsVersion = 7.1.1;
						TestTargetID = 397B310C1C150A3F00DC65D3;
					};
				};
			};
			buildConfigurationList = 397B31081C150A3F00DC65D3 /* Build configuration list for PBXProject "tipCalculator" */;
			compatibilityVersion = "Xcode 3.2";
			developmentRegion = English;
			hasScannedForEncodings = 0;
			knownRegions = (
				en,
				Base,
			);
			mainGroup = 397B31041C150A3F00DC65D3;
			productRefGroup = 397B310E1C150A3F00DC65D3 /* Products */;
			projectDirPath = "";
			projectRoot = "";
			targets = (
				397B310C1C150A3F00DC65D3 /* tipCalculator */,
				397B31201C150A3F00DC65D3 /* tipCalculatorTests */,
				397B312B1C150A3F00DC65D3 /* tipCalculatorUITests */,
			);
		};
/* End PBXProject section */

/* Begin PBXResourcesBuildPhase section */
		397B310B1C150A3F00DC65D3 /* Resources */ = {
			isa = PBXResourcesBuildPhase;
			buildActionMask = 2147483647;
			files = (
				397B311B1C150A3F00DC65D3 /* LaunchScreen.storyboard in Resources */,
				397B31181C150A3F00DC65D3 /* Assets.xcassets in Resources */,
				397B31161C150A3F00DC65D3 /* Main.storyboard in Resources */,
			);
			runOnlyForDeploymentPostprocessing = 0;
		};
		397B311F1C150A3F00DC65D3 /* Resources */ = {
			isa = PBXResourcesBuildPhase;
			buildActionMask = 2147483647;
			files = (
			);
			runOnlyForDeploymentPostprocessing = 0;
		};
		397B312A1C150A3F00DC65D3 /* Resources */ = {
			isa = PBXResourcesBuildPhase;
			buildActionMask = 2147483647;
			files = (
			);
			runOnlyForDeploymentPostprocessing = 0;
		};
/* End PBXResourcesBuildPhase section */

/* Begin PBXSourcesBuildPhase section */
		397B31091C150A3F00DC65D3 /* Sources */ = {
			isa = PBXSourcesBuildPhase;
			buildActionMask = 2147483647;
			files = (
				397B31131C150A3F00DC65D3 /* ViewController.swift in Sources */,
				397B31111C150A3F00DC65D3 /* AppDelegate.swift in Sources */,
			);
			runOnlyForDeploymentPostprocessing = 0;
		};
		397B311D1C150A3F00DC65D3 /* Sources */ = {
			isa = PBXSourcesBuildPhase;
			buildActionMask = 2147483647;
			files = (
				397B31261C150A3F00DC65D3 /* tipCalculatorTests.swift in Sources */,
			);
			runOnlyForDeploymentPostprocessing = 0;
		};
		397B31281C150A3F00DC65D3 /* Sources */ = {
			isa = PBXSourcesBuildPhase;
			buildActionMask = 2147483647;
			files = (
				397B31311C150A3F00DC65D3 /* tipCalculatorUITests.swift in Sources */,
			);
			runOnlyForDeploymentPostprocessing = 0;
		};
/* End PBXSourcesBuildPhase section */

/* Begin PBXTargetDependency section */
		397B31231C150A3F00DC65D3 /* PBXTargetDependency */ = {
			isa = PBXTargetDependency;
			target = 397B310C1C150A3F00DC65D3 /* tipCalculator */;
			targetProxy = 397B31221C150A3F00DC65D3 /* PBXContainerItemProxy */;
		};
		397B312E1C150A3F00DC65D3 /* PBXTargetDependency */ = {
			isa = PBXTargetDependency;
			target = 397B310C1C150A3F00DC65D3 /* tipCalculator */;
			targetProxy = 397B312D1C150A3F00DC65D3 /* PBXContainerItemProxy */;
		};
/* End PBXTargetDependency section */

/* Begin PBXVariantGroup section */
		397B31141C150A3F00DC65D3 /* Main.storyboard */ = {
			isa = PBXVariantGroup;
			children = (
				397B31151C150A3F00DC65D3 /* Base */,
			);
			name = Main.storyboard;
			sourceTree = "<group>";
		};
		397B31191C150A3F00DC65D3 /* LaunchScreen.storyboard */ = {
			isa = PBXVariantGroup;
			children = (
				397B311A1C150A3F00DC65D3 /* Base */,
			);
			name = LaunchScreen.storyboard;
			sourceTree = "<group>";
		};
/* End PBXVariantGroup section */

/* Begin XCBuildConfiguration section */
		397B31331C150A3F00DC65D3 /* Debug */ = {
			isa = XCBuildConfiguration;
			buildSettings = {
				ALWAYS_SEARCH_USER_PATHS = NO;
				CLANG_CXX_LANGUAGE_STANDARD = "gnu++0x";
				CLANG_CXX_LIBRARY = "libc++";
				CLANG_ENABLE_MODULES = YES;
				CLANG_ENABLE_OBJC_ARC = YES;
				CLANG_WARN_BOOL_CONVERSION = YES;
				CLANG_WARN_CONSTANT_CONVERSION = YES;
				CLANG_WARN_DIRECT_OBJC_ISA_USAGE = YES_ERROR;
				CLANG_WARN_EMPTY_BODY = YES;
				CLANG_WARN_ENUM_CONVERSION = YES;
				CLANG_WARN_INT_CONVERSION = YES;
				CLANG_WARN_OBJC_ROOT_CLASS = YES_ERROR;
				CLANG_WARN_UNREACHABLE_CODE = YES;
				CLANG_WARN__DUPLICATE_METHOD_MATCH = YES;
				"CODE_SIGN_IDENTITY[sdk=iphoneos*]" = "iPhone Developer";
				COPY_PHASE_STRIP = NO;
				DEBUG_INFORMATION_FORMAT = dwarf;
				ENABLE_STRICT_OBJC_MSGSEND = YES;
				ENABLE_TESTABILITY = YES;
				GCC_C_LANGUAGE_STANDARD = gnu99;
				GCC_DYNAMIC_NO_PIC = NO;
				GCC_NO_COMMON_BLOCKS = YES;
				GCC_OPTIMIZATION_LEVEL = 0;
				GCC_PREPROCESSOR_DEFINITIONS = (
					"DEBUG=1",
					"$(inherited)",
				);
				GCC_WARN_64_TO_32_BIT_CONVERSION = YES;
				GCC_WARN_ABOUT_RETURN_TYPE = YES_ERROR;
				GCC_WARN_UNDECLARED_SELECTOR = YES;
				GCC_WARN_UNINITIALIZED_AUTOS = YES_AGGRESSIVE;
				GCC_WARN_UNUSED_FUNCTION = YES;
				GCC_WARN_UNUSED_VARIABLE = YES;
				IPHONEOS_DEPLOYMENT_TARGET = 9.1;
				MTL_ENABLE_DEBUG_INFO = YES;
				ONLY_ACTIVE_ARCH = YES;
				SDKROOT = iphoneos;
				SWIFT_OPTIMIZATION_LEVEL = "-Onone";
			};
			name = Debug;
		};
		397B31341C150A3F00DC65D3 /* Release */ = {
			isa = XCBuildConfiguration;
			buildSettings = {
				ALWAYS_SEARCH_USER_PATHS = NO;
				CLANG_CXX_LANGUAGE_STANDARD = "gnu++0x";
				CLANG_CXX_LIBRARY = "libc++";
				CLANG_ENABLE_MODULES = YES;
				CLANG_ENABLE_OBJC_ARC = YES;
				CLANG_WARN_BOOL_CONVERSION = YES;
				CLANG_WARN_CONSTANT_CONVERSION = YES;
				CLANG_WARN_DIRECT_OBJC_ISA_USAGE = YES_ERROR;
				CLANG_WARN_EMPTY_BODY = YES;
				CLANG_WARN_ENUM_CONVERSION = YES;
				CLANG_WARN_INT_CONVERSION = YES;
				CLANG_WARN_OBJC_ROOT_CLASS = YES_ERROR;
				CLANG_WARN_UNREACHABLE_CODE = YES;
				CLANG_WARN__DUPLICATE_METHOD_MATCH = YES;
				"CODE_SIGN_IDENTITY[sdk=iphoneos*]" = "iPhone Developer";
				COPY_PHASE_STRIP = NO;
				DEBUG_INFORMATION_FORMAT = "dwarf-with-dsym";
				ENABLE_NS_ASSERTIONS = NO;
				ENABLE_STRICT_OBJC_MSGSEND = YES;
				GCC_C_LANGUAGE_STANDARD = gnu99;
				GCC_NO_COMMON_BLOCKS = YES;
				GCC_WARN_64_TO_32_BIT_CONVERSION = YES;
				GCC_WARN_ABOUT_RETURN_TYPE = YES_ERROR;
				GCC_WARN_UNDECLARED_SELECTOR = YES;
				GCC_WARN_UNINITIALIZED_AUTOS = YES_AGGRESSIVE;
				GCC_WARN_UNUSED_FUNCTION = YES;
				GCC_WARN_UNUSED_VARIABLE = YES;
				IPHONEOS_DEPLOYMENT_TARGET = 9.1;
				MTL_ENABLE_DEBUG_INFO = NO;
				SDKROOT = iphoneos;
				VALIDATE_PRODUCT = YES;
			};
			name = Release;
		};
		397B31361C150A3F00DC65D3 /* Debug */ = {
			isa = XCBuildConfiguration;
			buildSettings = {
				ASSETCATALOG_COMPILER_APPICON_NAME = AppIcon;
				INFOPLIST_FILE = tipCalculator/Info.plist;
				LD_RUNPATH_SEARCH_PATHS = "$(inherited) @executable_path/Frameworks";
				PRODUCT_BUNDLE_IDENTIFIER = dan.tipCalculator;
				PRODUCT_NAME = "$(TARGET_NAME)";
			};
			name = Debug;
		};
		397B31371C150A3F00DC65D3 /* Release */ = {
			isa = XCBuildConfiguration;
			buildSettings = {
				ASSETCATALOG_COMPILER_APPICON_NAME = AppIcon;
				INFOPLIST_FILE = tipCalculator/Info.plist;
				LD_RUNPATH_SEARCH_PATHS = "$(inherited) @executable_path/Frameworks";
				PRODUCT_BUNDLE_IDENTIFIER = dan.tipCalculator;
				PRODUCT_NAME = "$(TARGET_NAME)";
			};
			name = Release;
		};
		397B31391C150A3F00DC65D3 /* Debug */ = {
			isa = XCBuildConfiguration;
			buildSettings = {
				BUNDLE_LOADER = "$(TEST_HOST)";
				INFOPLIST_FILE = tipCalculatorTests/Info.plist;
				LD_RUNPATH_SEARCH_PATHS = "$(inherited) @executable_path/Frameworks @loader_path/Frameworks";
				PRODUCT_BUNDLE_IDENTIFIER = dan.tipCalculatorTests;
				PRODUCT_NAME = "$(TARGET_NAME)";
				TEST_HOST = "$(BUILT_PRODUCTS_DIR)/tipCalculator.app/tipCalculator";
			};
			name = Debug;
		};
		397B313A1C150A3F00DC65D3 /* Release */ = {
			isa = XCBuildConfiguration;
			buildSettings = {
				BUNDLE_LOADER = "$(TEST_HOST)";
				INFOPLIST_FILE = tipCalculatorTests/Info.plist;
				LD_RUNPATH_SEARCH_PATHS = "$(inherited) @executable_path/Frameworks @loader_path/Frameworks";
				PRODUCT_BUNDLE_IDENTIFIER = dan.tipCalculatorTests;
				PRODUCT_NAME = "$(TARGET_NAME)";
				TEST_HOST = "$(BUILT_PRODUCTS_DIR)/tipCalculator.app/tipCalculator";
			};
			name = Release;
		};
		397B313C1C150A3F00DC65D3 /* Debug */ = {
			isa = XCBuildConfiguration;
			buildSettings = {
				INFOPLIST_FILE = tipCalculatorUITests/Info.plist;
				LD_RUNPATH_SEARCH_PATHS = "$(inherited) @executable_path/Frameworks @loader_path/Frameworks";
				PRODUCT_BUNDLE_IDENTIFIER = dan.tipCalculatorUITests;
				PRODUCT_NAME = "$(TARGET_NAME)";
				TEST_TARGET_NAME = tipCalculator;
				USES_XCTRUNNER = YES;
			};
			name = Debug;
		};
		397B313D1C150A3F00DC65D3 /* Release */ = {
			isa = XCBuildConfiguration;
			buildSettings = {
				INFOPLIST_FILE = tipCalculatorUITests/Info.plist;
				LD_RUNPATH_SEARCH_PATHS = "$(inherited) @executable_path/Frameworks @loader_path/Frameworks";
				PRODUCT_BUNDLE_IDENTIFIER = dan.tipCalculatorUITests;
				PRODUCT_NAME = "$(TARGET_NAME)";
				TEST_TARGET_NAME = tipCalculator;
				USES_XCTRUNNER = YES;
			};
			name = Release;
		};
/* End XCBuildConfiguration section */

/* Begin XCConfigurationList section */
		397B31081C150A3F00DC65D3 /* Build configuration list for PBXProject "tipCalculator" */ = {
			isa = XCConfigurationList;
			buildConfigurations = (
				397B31331C150A3F00DC65D3 /* Debug */,
				397B31341C150A3F00DC65D3 /* Release */,
			);
			defaultConfigurationIsVisible = 0;
			defaultConfigurationName = Release;
		};
		397B31351C150A3F00DC65D3 /* Build configuration list for PBXNativeTarget "tipCalculator" */ = {
			isa = XCConfigurationList;
			buildConfigurations = (
				397B31361C150A3F00DC65D3 /* Debug */,
				397B31371C150A3F00DC65D3 /* Release */,
			);
			defaultConfigurationIsVisible = 0;
		};
		397B31381C150A3F00DC65D3 /* Build configuration list for PBXNativeTarget "tipCalculatorTests" */ = {
			isa = XCConfigurationList;
			buildConfigurations = (
				397B31391C150A3F00DC65D3 /* Debug */,
				397B313A1C150A3F00DC65D3 /* Release */,
			);
			defaultConfigurationIsVisible = 0;
		};
		397B313B1C150A3F00DC65D3 /* Build configuration list for PBXNativeTarget "tipCalculatorUITests" */ = {
			isa = XCConfigurationList;
			buildConfigurations = (
				397B313C1C150A3F00DC65D3 /* Debug */,
				397B313D1C150A3F00DC65D3 /* Release */,
			);
			defaultConfigurationIsVisible = 0;
		};
/* End XCConfigurationList section */
	};
	rootObject = 397B31051C150A3F00DC65D3 /* Project object */;
}
